
Microsoft Visual Studio Solution File, Format Version 12.00
# Visual Studio Version 16
VisualStudioVersion = 16.0.31911.196
MinimumVisualStudioVersion = 10.0.40219.1
Project("{FAE04EC0-301F-11D3-BF4B-00C04F79EFBC}") = "TestApiJWT", "TestApiJWT\TestApiJWT.csproj", "{3B97A129-AECD-498D-97D1-3182F6B286CC}"
EndProject
Global
	GlobalSection(SolutionConfigurationPlatforms) = preSolution
		Debug|Any CPU = Debug|Any CPU
		Release|Any CPU = Release|Any CPU
	EndGlobalSection
	GlobalSection(ProjectConfigurationPlatforms) = postSolution
		{3B97A129-AECD-498D-97D1-3182F6B286CC}.Debug|Any CPU.ActiveCfg = Debug|Any CPU
		{3B97A129-AECD-498D-97D1-3182F6B286CC}.Debug|Any CPU.Build.0 = Debug|Any CPU
		{3B97A129-AECD-498D-97D1-3182F6B286CC}.Release|Any CPU.ActiveCfg = Release|Any CPU
		{3B97A129-AECD-498D-97D1-3182F6B286CC}.Release|Any CPU.Build.0 = Release|Any CPU
	EndGlobalSection
	GlobalSection(SolutionProperties) = preSolution
		HideSolutionNode = FALSE
	EndGlobalSection
	GlobalSection(ExtensibilityGlobals) = postSolution
		SolutionGuid = {2EF4EF61-1FFA-41AD-802A-D29605C07FD6}
	EndGlobalSection
EndGlobal
